
Microsoft Visual Studio Solution File, Format Version 12.00
# Visual Studio 15
VisualStudioVersion = 15.0.27428.2037
MinimumVisualStudioVersion = 10.0.40219.1
Project("{8BC9CEB8-8B4A-11D0-8D11-00A0C91BC942}") = "CPPFormsApiWrapper", "CPPFormsApiWrapper\CPPFormsApiWrapper.vcxproj", "{DC0FD116-FDCB-4A7E-982F-48CAB4A923CC}"
EndProject
Project("{8BC9CEB8-8B4A-11D0-8D11-00A0C91BC942}") = "Tester", "Tester\Tester.vcxproj", "{6A9EE0B9-6E41-49A8-8F29-8B9D9B69BD5F}"
EndProject
Project("{8BC9CEB8-8B4A-11D0-8D11-00A0C91BC942}") = "CPPFormsApiWrapperTest", "CPPFormsApiWrapperTest\CPPFormsApiWrapperTest.vcxproj", "{9B409E36-5596-450B-914B-AFD69BEBBFFC}"
EndProject
Global
	GlobalSection(SolutionConfigurationPlatforms) = preSolution
		Debug|x64 = Debug|x64
		Debug|x86 = Debug|x86
		Release|x64 = Release|x64
		Release|x86 = Release|x86
	EndGlobalSection
	GlobalSection(ProjectConfigurationPlatforms) = postSolution
		{DC0FD116-FDCB-4A7E-982F-48CAB4A923CC}.Debug|x64.ActiveCfg = Debug|x64
		{DC0FD116-FDCB-4A7E-982F-48CAB4A923CC}.Debug|x64.Build.0 = Debug|x64
		{DC0FD116-FDCB-4A7E-982F-48CAB4A923CC}.Debug|x86.ActiveCfg = Debug|Win32
		{DC0FD116-FDCB-4A7E-982F-48CAB4A923CC}.Debug|x86.Build.0 = Debug|Win32
		{DC0FD116-FDCB-4A7E-982F-48CAB4A923CC}.Release|x64.ActiveCfg = Release|x64
		{DC0FD116-FDCB-4A7E-982F-48CAB4A923CC}.Release|x64.Build.0 = Release|x64
		{DC0FD116-FDCB-4A7E-982F-48CAB4A923CC}.Release|x86.ActiveCfg = Release|Win32
		{DC0FD116-FDCB-4A7E-982F-48CAB4A923CC}.Release|x86.Build.0 = Release|Win32
		{6A9EE0B9-6E41-49A8-8F29-8B9D9B69BD5F}.Debug|x64.ActiveCfg = Debug|x64
		{6A9EE0B9-6E41-49A8-8F29-8B9D9B69BD5F}.Debug|x64.Build.0 = Debug|x64
		{6A9EE0B9-6E41-49A8-8F29-8B9D9B69BD5F}.Debug|x86.ActiveCfg = Debug|Win32
		{6A9EE0B9-6E41-49A8-8F29-8B9D9B69BD5F}.Debug|x86.Build.0 = Debug|Win32
		{6A9EE0B9-6E41-49A8-8F29-8B9D9B69BD5F}.Release|x64.ActiveCfg = Release|x64
		{6A9EE0B9-6E41-49A8-8F29-8B9D9B69BD5F}.Release|x64.Build.0 = Release|x64
		{6A9EE0B9-6E41-49A8-8F29-8B9D9B69BD5F}.Release|x86.ActiveCfg = Release|Win32
		{6A9EE0B9-6E41-49A8-8F29-8B9D9B69BD5F}.Release|x86.Build.0 = Release|Win32
		{9B409E36-5596-450B-914B-AFD69BEBBFFC}.Debug|x64.ActiveCfg = Debug|x64
		{9B409E36-5596-450B-914B-AFD69BEBBFFC}.Debug|x64.Build.0 = Debug|x64
		{9B409E36-5596-450B-914B-AFD69BEBBFFC}.Debug|x86.ActiveCfg = Debug|Win32
		{9B409E36-5596-450B-914B-AFD69BEBBFFC}.Debug|x86.Build.0 = Debug|Win32
		{9B409E36-5596-450B-914B-AFD69BEBBFFC}.Release|x64.ActiveCfg = Release|x64
		{9B409E36-5596-450B-914B-AFD69BEBBFFC}.Release|x64.Build.0 = Release|x64
		{9B409E36-5596-450B-914B-AFD69BEBBFFC}.Release|x86.ActiveCfg = Release|Win32
		{9B409E36-5596-450B-914B-AFD69BEBBFFC}.Release|x86.Build.0 = Release|Win32
	EndGlobalSection
	GlobalSection(SolutionProperties) = preSolution
		HideSolutionNode = FALSE
	EndGlobalSection
	GlobalSection(ExtensibilityGlobals) = postSolution
		SolutionGuid = {18ECA345-70E2-443A-ABA3-EC1820E1E271}
	EndGlobalSection
EndGlobal
